{
  "name": "uni-shop",
  "version": "1.0.0",
  "lockfileVersion": 1,
  "requires": true,
  "dependencies": {
    "@dcloudio/types": {
      "version": "2.0.20",
      "resolved": "https://registry.npm.taobao.org/@dcloudio/types/download/@dcloudio/types-2.0.20.tgz?cache=0&sync_timestamp=1608092430839&other_urls=https%3A%2F%2Fregistry.npm.taobao.org%2F%40dcloudio%2Ftypes%2Fdownload%2F%40dcloudio%2Ftypes-2.0.20.tgz",
      "integrity": "sha1-KxEpo5i2Wwe32nXZ8zEFbFVVclY="
    },
    "luch-request": {
      "version": "3.0.5",
      "resolved": "https://registry.npm.taobao.org/luch-request/download/luch-request-3.0.5.tgz",
      "integrity": "sha1-E/JWYRZrPOfIYfGhHT/GmQvIWyg=",
      "requires": {
        "@dcloudio/types": "^2.0.16"
      }
    }
  }
}
